{
  "name": "gun-asyncstorage",
  "version": "1.0.1",
  "lockfileVersion": 1,
  "requires": true,
  "dependencies": {
    "@types/react": {
      "version": "15.0.26",
      "resolved": "https://registry.npmjs.org/@types/react/-/react-15.0.26.tgz",
      "integrity": "sha512-BoKQyVrDrPgUUH6jbaKr/ED8kKcWlbOAYwawuLYrX5PcBJ1W1b5ENHTKu5oqk6vnstnvE2QK7Byrt7GS+B1zaQ==",
      "dev": true
    },
    "@types/react-native": {
      "version": "0.44.8",
      "resolved": "https://registry.npmjs.org/@types/react-native/-/react-native-0.44.8.tgz",
      "integrity": "sha512-rvbuSKn2itrYIulvS/hQO0DT/BVRNqPfvx3vaJWPQRdyLsX9tiSu1reGUaLMWShj4BjlaP25WVusu2Fc912yaA==",
      "dev": true,
      "requires": {
        "@types/react": "*"
      }
    },
    "prettier": {
      "version": "1.4.1",
      "resolved": "https://registry.npmjs.org/prettier/-/prettier-1.4.1.tgz",
      "integrity": "sha512-f4OimA9b88hlGWQCSkZ7EdmjBo64yHhpOpuoJfL8rDRujQioI++DU9Wao6QFQzJNuRGMFIaZ02o/L7Z5seh2WA==",
      "dev": true
    },
    "typescript": {
      "version": "2.3.4",
      "resolved": "https://registry.npmjs.org/typescript/-/typescript-2.3.4.tgz",
      "integrity": "sha1-PTgyGCgjHkNPKHUUlZw3qCtin0I=",
      "dev": true
    }
  }
}
